
Microsoft Visual Studio Solution File, Format Version 12.00
# Visual Studio Version 17
VisualStudioVersion = 17.10.35004.147
MinimumVisualStudioVersion = 10.0.40219.1
Project("{FAE04EC0-301F-11D3-BF4B-00C04F79EFBC}") = "Stack_demo_Parc_4_3", "Stack_demo_Parc_4_3\Stack_demo_Parc_4_3.csproj", "{BE6E7508-55FF-4CE1-A590-66E67A7A8BA6}"
EndProject
Global
	GlobalSection(SolutionConfigurationPlatforms) = preSolution
		Debug|Any CPU = Debug|Any CPU
		Release|Any CPU = Release|Any CPU
	EndGlobalSection
	GlobalSection(ProjectConfigurationPlatforms) = postSolution
		{BE6E7508-55FF-4CE1-A590-66E67A7A8BA6}.Debug|Any CPU.ActiveCfg = Debug|Any CPU
		{BE6E7508-55FF-4CE1-A590-66E67A7A8BA6}.Debug|Any CPU.Build.0 = Debug|Any CPU
		{BE6E7508-55FF-4CE1-A590-66E67A7A8BA6}.Release|Any CPU.ActiveCfg = Release|Any CPU
		{BE6E7508-55FF-4CE1-A590-66E67A7A8BA6}.Release|Any CPU.Build.0 = Release|Any CPU
	EndGlobalSection
	GlobalSection(SolutionProperties) = preSolution
		HideSolutionNode = FALSE
	EndGlobalSection
	GlobalSection(ExtensibilityGlobals) = postSolution
		SolutionGuid = {7B29283E-BBF7-4EF1-8064-67E053436E37}
	EndGlobalSection
EndGlobal
